// !$*UTF8*$!
{
	archiveVersion = 1;
	classes = {
	};
	objectVersion = 46;
	objects = {

/* Begin PBXBuildFile section */
		D297646C1B042A0200DE9E61 /* main.m in Sources */ = {isa = PBXBuildFile; fileRef = D297646B1B042A0200DE9E61 /* main.m */; };
		D297646F1B042A0200DE9E61 /* AppDelegate.m in Sources */ = {isa = PBXBuildFile; fileRef = D297646E1B042A0200DE9E61 /* AppDelegate.m */; };
		D29764721B042A0200DE9E61 /* ViewController.m in Sources */ = {isa = PBXBuildFile; fileRef = D29764711B042A0200DE9E61 /* ViewController.m */; };
		D29764751B042A0200DE9E61 /* Main.storyboard in Resources */ = {isa = PBXBuildFile; fileRef = D29764731B042A0200DE9E61 /* Main.storyboard */; };
		D29764771B042A0200DE9E61 /* Images.xcassets in Resources */ = {isa = PBXBuildFile; fileRef = D29764761B042A0200DE9E61 /* Images.xcassets */; };
		D297647A1B042A0200DE9E61 /* LaunchScreen.xib in Resources */ = {isa = PBXBuildFile; fileRef = D29764781B042A0200DE9E61 /* LaunchScreen.xib */; };
		D29764861B042A0200DE9E61 /* CocoatainerExampleTests.m in Sources */ = {isa = PBXBuildFile; fileRef = D29764851B042A0200DE9E61 /* CocoatainerExampleTests.m */; };
		D29764911B042C5200DE9E61 /* CCTCocoatainerConfiguration.m in Sources */ = {isa = PBXBuildFile; fileRef = D29764901B042C5200DE9E61 /* CCTCocoatainerConfiguration.m */; };
		D297649C1B04455B00DE9E61 /* CCTAbstractedComponent.m in Sources */ = {isa = PBXBuildFile; fileRef = D297649B1B04455B00DE9E61 /* CCTAbstractedComponent.m */; };
		D297649F1B046C4800DE9E61 /* CocoaMug.m in Sources */ = {isa = PBXBuildFile; fileRef = D297649E1B046C4800DE9E61 /* CocoaMug.m */; };
		D29764A91B0472EB00DE9E61 /* Kettle.m in Sources */ = {isa = PBXBuildFile; fileRef = D29764A81B0472EB00DE9E61 /* Kettle.m */; };
		D29764AC1B0477A900DE9E61 /* CocoaPowder.m in Sources */ = {isa = PBXBuildFile; fileRef = D29764AB1B0477A900DE9E61 /* CocoaPowder.m */; };
/* End PBXBuildFile section */

/* Begin PBXContainerItemProxy section */
		D29764801B042A0200DE9E61 /* PBXContainerItemProxy */ = {
			isa = PBXContainerItemProxy;
			containerPortal = D297645E1B042A0200DE9E61 /* Project object */;
			proxyType = 1;
			remoteGlobalIDString = D29764651B042A0200DE9E61;
			remoteInfo = CocoatainerExample;
		};
/* End PBXContainerItemProxy section */

/* Begin PBXFileReference section */
		D29764661B042A0200DE9E61 /* CocoatainerExample.app */ = {isa = PBXFileReference; explicitFileType = wrapper.application; includeInIndex = 0; path = CocoatainerExample.app; sourceTree = BUILT_PRODUCTS_DIR; };
		D297646A1B042A0200DE9E61 /* Info.plist */ = {isa = PBXFileReference; lastKnownFileType = text.plist.xml; path = Info.plist; sourceTree = "<group>"; };
		D297646B1B042A0200DE9E61 /* main.m */ = {isa = PBXFileReference; lastKnownFileType = sourcecode.c.objc; path = main.m; sourceTree = "<group>"; };
		D297646D1B042A0200DE9E61 /* AppDelegate.h */ = {isa = PBXFileReference; lastKnownFileType = sourcecode.c.h; path = AppDelegate.h; sourceTree = "<group>"; };
		D297646E1B042A0200DE9E61 /* AppDelegate.m */ = {isa = PBXFileReference; lastKnownFileType = sourcecode.c.objc; path = AppDelegate.m; sourceTree = "<group>"; };
		D29764701B042A0200DE9E61 /* ViewController.h */ = {isa = PBXFileReference; lastKnownFileType = sourcecode.c.h; path = ViewController.h; sourceTree = "<group>"; };
		D29764711B042A0200DE9E61 /* ViewController.m */ = {isa = PBXFileReference; lastKnownFileType = sourcecode.c.objc; path = ViewController.m; sourceTree = "<group>"; };
		D29764741B042A0200DE9E61 /* Base */ = {isa = PBXFileReference; lastKnownFileType = file.storyboard; name = Base; path = Base.lproj/Main.storyboard; sourceTree = "<group>"; };
		D29764761B042A0200DE9E61 /* Images.xcassets */ = {isa = PBXFileReference; lastKnownFileType = folder.assetcatalog; path = Images.xcassets; sourceTree = "<group>"; };
		D29764791B042A0200DE9E61 /* Base */ = {isa = PBXFileReference; lastKnownFileType = file.xib; name = Base; path = Base.lproj/LaunchScreen.xib; sourceTree = "<group>"; };
		D297647F1B042A0200DE9E61 /* CocoatainerExampleTests.xctest */ = {isa = PBXFileReference; explicitFileType = wrapper.cfbundle; includeInIndex = 0; path = CocoatainerExampleTests.xctest; sourceTree = BUILT_PRODUCTS_DIR; };
		D29764841B042A0200DE9E61 /* Info.plist */ = {isa = PBXFileReference; lastKnownFileType = text.plist.xml; path = Info.plist; sourceTree = "<group>"; };
		D29764851B042A0200DE9E61 /* CocoatainerExampleTests.m */ = {isa = PBXFileReference; lastKnownFileType = sourcecode.c.objc; path = CocoatainerExampleTests.m; sourceTree = "<group>"; };
		D297648F1B042C5200DE9E61 /* CCTCocoatainerConfiguration.h */ = {isa = PBXFileReference; fileEncoding = 4; lastKnownFileType = sourcecode.c.h; path = CCTCocoatainerConfiguration.h; sourceTree = "<group>"; };
		D29764901B042C5200DE9E61 /* CCTCocoatainerConfiguration.m */ = {isa = PBXFileReference; fileEncoding = 4; lastKnownFileType = sourcecode.c.objc; path = CCTCocoatainerConfiguration.m; sourceTree = "<group>"; };
		D297649A1B04455B00DE9E61 /* CCTAbstractedComponent.h */ = {isa = PBXFileReference; fileEncoding = 4; lastKnownFileType = sourcecode.c.h; path = CCTAbstractedComponent.h; sourceTree = "<group>"; };
		D297649B1B04455B00DE9E61 /* CCTAbstractedComponent.m */ = {isa = PBXFileReference; fileEncoding = 4; lastKnownFileType = sourcecode.c.objc; path = CCTAbstractedComponent.m; sourceTree = "<group>"; };
		D297649D1B046C4800DE9E61 /* CocoaMug.h */ = {isa = PBXFileReference; fileEncoding = 4; lastKnownFileType = sourcecode.c.h; path = CocoaMug.h; sourceTree = "<group>"; };
		D297649E1B046C4800DE9E61 /* CocoaMug.m */ = {isa = PBXFileReference; fileEncoding = 4; lastKnownFileType = sourcecode.c.objc; path = CocoaMug.m; sourceTree = "<group>"; };
		D29764A01B046CB300DE9E61 /* LiquidVessel.h */ = {isa = PBXFileReference; lastKnownFileType = sourcecode.c.h; path = LiquidVessel.h; sourceTree = "<group>"; };
		D29764A11B0471B000DE9E61 /* HotWaterSource.h */ = {isa = PBXFileReference; fileEncoding = 4; lastKnownFileType = sourcecode.c.h; path = HotWaterSource.h; sourceTree = "<group>"; };
		D29764A71B0472EA00DE9E61 /* Kettle.h */ = {isa = PBXFileReference; fileEncoding = 4; lastKnownFileType = sourcecode.c.h; path = Kettle.h; sourceTree = "<group>"; };
		D29764A81B0472EB00DE9E61 /* Kettle.m */ = {isa = PBXFileReference; fileEncoding = 4; lastKnownFileType = sourcecode.c.objc; path = Kettle.m; sourceTree = "<group>"; };
		D29764AA1B0477A900DE9E61 /* CocoaPowder.h */ = {isa = PBXFileReference; fileEncoding = 4; lastKnownFileType = sourcecode.c.h; path = CocoaPowder.h; sourceTree = "<group>"; };
		D29764AB1B0477A900DE9E61 /* CocoaPowder.m */ = {isa = PBXFileReference; fileEncoding = 4; lastKnownFileType = sourcecode.c.objc; path = CocoaPowder.m; sourceTree = "<group>"; };
		D29764AD1B04798500DE9E61 /* Mix.h */ = {isa = PBXFileReference; fileEncoding = 4; lastKnownFileType = sourcecode.c.h; path = Mix.h; sourceTree = "<group>"; };
/* End PBXFileReference section */

/* Begin PBXFrameworksBuildPhase section */
		D29764631B042A0200DE9E61 /* Frameworks */ = {
			isa = PBXFrameworksBuildPhase;
			buildActionMask = 2147483647;
			files = (
			);
			runOnlyForDeploymentPostprocessing = 0;
		};
		D297647C1B042A0200DE9E61 /* Frameworks */ = {
			isa = PBXFrameworksBuildPhase;
			buildActionMask = 2147483647;
			files = (
			);
			runOnlyForDeploymentPostprocessing = 0;
		};
/* End PBXFrameworksBuildPhase section */

/* Begin PBXGroup section */
		D297645D1B042A0200DE9E61 = {
			isa = PBXGroup;
			children = (
				D29764681B042A0200DE9E61 /* CocoatainerExample */,
				D29764821B042A0200DE9E61 /* CocoatainerExampleTests */,
				D29764671B042A0200DE9E61 /* Products */,
			);
			sourceTree = "<group>";
		};
		D29764671B042A0200DE9E61 /* Products */ = {
			isa = PBXGroup;
			children = (
				D29764661B042A0200DE9E61 /* CocoatainerExample.app */,
				D297647F1B042A0200DE9E61 /* CocoatainerExampleTests.xctest */,
			);
			name = Products;
			sourceTree = "<group>";
		};
		D29764681B042A0200DE9E61 /* CocoatainerExample */ = {
			isa = PBXGroup;
			children = (
				D297646D1B042A0200DE9E61 /* AppDelegate.h */,
				D297646E1B042A0200DE9E61 /* AppDelegate.m */,
				D29764701B042A0200DE9E61 /* ViewController.h */,
				D29764711B042A0200DE9E61 /* ViewController.m */,
				D29764731B042A0200DE9E61 /* Main.storyboard */,
				D29764761B042A0200DE9E61 /* Images.xcassets */,
				D29764781B042A0200DE9E61 /* LaunchScreen.xib */,
				D29764691B042A0200DE9E61 /* Supporting Files */,
				D297648F1B042C5200DE9E61 /* CCTCocoatainerConfiguration.h */,
				D29764901B042C5200DE9E61 /* CCTCocoatainerConfiguration.m */,
				D297649A1B04455B00DE9E61 /* CCTAbstractedComponent.h */,
				D297649B1B04455B00DE9E61 /* CCTAbstractedComponent.m */,
				D297649D1B046C4800DE9E61 /* CocoaMug.h */,
				D297649E1B046C4800DE9E61 /* CocoaMug.m */,
				D29764A71B0472EA00DE9E61 /* Kettle.h */,
				D29764A81B0472EB00DE9E61 /* Kettle.m */,
				D29764AA1B0477A900DE9E61 /* CocoaPowder.h */,
				D29764AB1B0477A900DE9E61 /* CocoaPowder.m */,
				D29764A11B0471B000DE9E61 /* HotWaterSource.h */,
				D29764A01B046CB300DE9E61 /* LiquidVessel.h */,
				D29764AD1B04798500DE9E61 /* Mix.h */,
			);
			path = CocoatainerExample;
			sourceTree = "<group>";
		};
		D29764691B042A0200DE9E61 /* Supporting Files */ = {
			isa = PBXGroup;
			children = (
				D297646A1B042A0200DE9E61 /* Info.plist */,
				D297646B1B042A0200DE9E61 /* main.m */,
			);
			name = "Supporting Files";
			sourceTree = "<group>";
		};
		D29764821B042A0200DE9E61 /* CocoatainerExampleTests */ = {
			isa = PBXGroup;
			children = (
				D29764851B042A0200DE9E61 /* CocoatainerExampleTests.m */,
				D29764831B042A0200DE9E61 /* Supporting Files */,
			);
			path = CocoatainerExampleTests;
			sourceTree = "<group>";
		};
		D29764831B042A0200DE9E61 /* Supporting Files */ = {
			isa = PBXGroup;
			children = (
				D29764841B042A0200DE9E61 /* Info.plist */,
			);
			name = "Supporting Files";
			sourceTree = "<group>";
		};
/* End PBXGroup section */

/* Begin PBXNativeTarget section */
		D29764651B042A0200DE9E61 /* CocoatainerExample */ = {
			isa = PBXNativeTarget;
			buildConfigurationList = D29764891B042A0200DE9E61 /* Build configuration list for PBXNativeTarget "CocoatainerExample" */;
			buildPhases = (
				D29764621B042A0200DE9E61 /* Sources */,
				D29764631B042A0200DE9E61 /* Frameworks */,
				D29764641B042A0200DE9E61 /* Resources */,
			);
			buildRules = (
			);
			dependencies = (
			);
			name = CocoatainerExample;
			productName = CocoatainerExample;
			productReference = D29764661B042A0200DE9E61 /* CocoatainerExample.app */;
			productType = "com.apple.product-type.application";
		};
		D297647E1B042A0200DE9E61 /* CocoatainerExampleTests */ = {
			isa = PBXNativeTarget;
			buildConfigurationList = D297648C1B042A0200DE9E61 /* Build configuration list for PBXNativeTarget "CocoatainerExampleTests" */;
			buildPhases = (
				D297647B1B042A0200DE9E61 /* Sources */,
				D297647C1B042A0200DE9E61 /* Frameworks */,
				D297647D1B042A0200DE9E61 /* Resources */,
			);
			buildRules = (
			);
			dependencies = (
				D29764811B042A0200DE9E61 /* PBXTargetDependency */,
			);
			name = CocoatainerExampleTests;
			productName = CocoatainerExampleTests;
			productReference = D297647F1B042A0200DE9E61 /* CocoatainerExampleTests.xctest */;
			productType = "com.apple.product-type.bundle.unit-test";
		};
/* End PBXNativeTarget section */

/* Begin PBXProject section */
		D297645E1B042A0200DE9E61 /* Project object */ = {
			isa = PBXProject;
			attributes = {
				LastUpgradeCheck = 0630;
				ORGANIZATIONNAME = "Jeffrey Bakker";
				TargetAttributes = {
					D29764651B042A0200DE9E61 = {
						CreatedOnToolsVersion = 6.3.1;
					};
					D297647E1B042A0200DE9E61 = {
						CreatedOnToolsVersion = 6.3.1;
						TestTargetID = D29764651B042A0200DE9E61;
					};
				};
			};
			buildConfigurationList = D29764611B042A0200DE9E61 /* Build configuration list for PBXProject "CocoatainerExample" */;
			compatibilityVersion = "Xcode 3.2";
			developmentRegion = English;
			hasScannedForEncodings = 0;
			knownRegions = (
				en,
				Base,
			);
			mainGroup = D297645D1B042A0200DE9E61;
			productRefGroup = D29764671B042A0200DE9E61 /* Products */;
			projectDirPath = "";
			projectRoot = "";
			targets = (
				D29764651B042A0200DE9E61 /* CocoatainerExample */,
				D297647E1B042A0200DE9E61 /* CocoatainerExampleTests */,
			);
		};
/* End PBXProject section */

/* Begin PBXResourcesBuildPhase section */
		D29764641B042A0200DE9E61 /* Resources */ = {
			isa = PBXResourcesBuildPhase;
			buildActionMask = 2147483647;
			files = (
				D29764751B042A0200DE9E61 /* Main.storyboard in Resources */,
				D297647A1B042A0200DE9E61 /* LaunchScreen.xib in Resources */,
				D29764771B042A0200DE9E61 /* Images.xcassets in Resources */,
			);
			runOnlyForDeploymentPostprocessing = 0;
		};
		D297647D1B042A0200DE9E61 /* Resources */ = {
			isa = PBXResourcesBuildPhase;
			buildActionMask = 2147483647;
			files = (
			);
			runOnlyForDeploymentPostprocessing = 0;
		};
/* End PBXResourcesBuildPhase section */

/* Begin PBXSourcesBuildPhase section */
		D29764621B042A0200DE9E61 /* Sources */ = {
			isa = PBXSourcesBuildPhase;
			buildActionMask = 2147483647;
			files = (
				D29764721B042A0200DE9E61 /* ViewController.m in Sources */,
				D297646F1B042A0200DE9E61 /* AppDelegate.m in Sources */,
				D297649C1B04455B00DE9E61 /* CCTAbstractedComponent.m in Sources */,
				D297646C1B042A0200DE9E61 /* main.m in Sources */,
				D29764911B042C5200DE9E61 /* CCTCocoatainerConfiguration.m in Sources */,
				D297649F1B046C4800DE9E61 /* CocoaMug.m in Sources */,
				D29764AC1B0477A900DE9E61 /* CocoaPowder.m in Sources */,
				D29764A91B0472EB00DE9E61 /* Kettle.m in Sources */,
			);
			runOnlyForDeploymentPostprocessing = 0;
		};
		D297647B1B042A0200DE9E61 /* Sources */ = {
			isa = PBXSourcesBuildPhase;
			buildActionMask = 2147483647;
			files = (
				D29764861B042A0200DE9E61 /* CocoatainerExampleTests.m in Sources */,
			);
			runOnlyForDeploymentPostprocessing = 0;
		};
/* End PBXSourcesBuildPhase section */

/* Begin PBXTargetDependency section */
		D29764811B042A0200DE9E61 /* PBXTargetDependency */ = {
			isa = PBXTargetDependency;
			target = D29764651B042A0200DE9E61 /* CocoatainerExample */;
			targetProxy = D29764801B042A0200DE9E61 /* PBXContainerItemProxy */;
		};
/* End PBXTargetDependency section */

/* Begin PBXVariantGroup section */
		D29764731B042A0200DE9E61 /* Main.storyboard */ = {
			isa = PBXVariantGroup;
			children = (
				D29764741B042A0200DE9E61 /* Base */,
			);
			name = Main.storyboard;
			sourceTree = "<group>";
		};
		D29764781B042A0200DE9E61 /* LaunchScreen.xib */ = {
			isa = PBXVariantGroup;
			children = (
				D29764791B042A0200DE9E61 /* Base */,
			);
			name = LaunchScreen.xib;
			sourceTree = "<group>";
		};
/* End PBXVariantGroup section */

/* Begin XCBuildConfiguration section */
		D29764871B042A0200DE9E61 /* Debug */ = {
			isa = XCBuildConfiguration;
			buildSettings = {
				ALWAYS_SEARCH_USER_PATHS = NO;
				CLANG_CXX_LANGUAGE_STANDARD = "gnu++0x";
				CLANG_CXX_LIBRARY = "libc++";
				CLANG_ENABLE_MODULES = YES;
				CLANG_ENABLE_OBJC_ARC = YES;
				CLANG_WARN_BOOL_CONVERSION = YES;
				CLANG_WARN_CONSTANT_CONVERSION = YES;
				CLANG_WARN_DIRECT_OBJC_ISA_USAGE = YES_ERROR;
				CLANG_WARN_EMPTY_BODY = YES;
				CLANG_WARN_ENUM_CONVERSION = YES;
				CLANG_WARN_INT_CONVERSION = YES;
				CLANG_WARN_OBJC_ROOT_CLASS = YES_ERROR;
				CLANG_WARN_UNREACHABLE_CODE = YES;
				CLANG_WARN__DUPLICATE_METHOD_MATCH = YES;
				"CODE_SIGN_IDENTITY[sdk=iphoneos*]" = "iPhone Developer";
				COPY_PHASE_STRIP = NO;
				DEBUG_INFORMATION_FORMAT = "dwarf-with-dsym";
				ENABLE_STRICT_OBJC_MSGSEND = YES;
				GCC_C_LANGUAGE_STANDARD = gnu99;
				GCC_DYNAMIC_NO_PIC = NO;
				GCC_NO_COMMON_BLOCKS = YES;
				GCC_OPTIMIZATION_LEVEL = 0;
				GCC_PREPROCESSOR_DEFINITIONS = (
					"DEBUG=1",
					"$(inherited)",
				);
				GCC_SYMBOLS_PRIVATE_EXTERN = NO;
				GCC_WARN_64_TO_32_BIT_CONVERSION = YES;
				GCC_WARN_ABOUT_RETURN_TYPE = YES_ERROR;
				GCC_WARN_UNDECLARED_SELECTOR = YES;
				GCC_WARN_UNINITIALIZED_AUTOS = YES_AGGRESSIVE;
				GCC_WARN_UNUSED_FUNCTION = YES;
				GCC_WARN_UNUSED_VARIABLE = YES;
				IPHONEOS_DEPLOYMENT_TARGET = 8.3;
				MTL_ENABLE_DEBUG_INFO = YES;
				ONLY_ACTIVE_ARCH = YES;
				SDKROOT = iphoneos;
				TARGETED_DEVICE_FAMILY = "1,2";
			};
			name = Debug;
		};
		D29764881B042A0200DE9E61 /* Release */ = {
			isa = XCBuildConfiguration;
			buildSettings = {
				ALWAYS_SEARCH_USER_PATHS = NO;
				CLANG_CXX_LANGUAGE_STANDARD = "gnu++0x";
				CLANG_CXX_LIBRARY = "libc++";
				CLANG_ENABLE_MODULES = YES;
				CLANG_ENABLE_OBJC_ARC = YES;
				CLANG_WARN_BOOL_CONVERSION = YES;
				CLANG_WARN_CONSTANT_CONVERSION = YES;
				CLANG_WARN_DIRECT_OBJC_ISA_USAGE = YES_ERROR;
				CLANG_WARN_EMPTY_BODY = YES;
				CLANG_WARN_ENUM_CONVERSION = YES;
				CLANG_WARN_INT_CONVERSION = YES;
				CLANG_WARN_OBJC_ROOT_CLASS = YES_ERROR;
				CLANG_WARN_UNREACHABLE_CODE = YES;
				CLANG_WARN__DUPLICATE_METHOD_MATCH = YES;
				"CODE_SIGN_IDENTITY[sdk=iphoneos*]" = "iPhone Developer";
				COPY_PHASE_STRIP = NO;
				DEBUG_INFORMATION_FORMAT = "dwarf-with-dsym";
				ENABLE_NS_ASSERTIONS = NO;
				ENABLE_STRICT_OBJC_MSGSEND = YES;
				GCC_C_LANGUAGE_STANDARD = gnu99;
				GCC_NO_COMMON_BLOCKS = YES;
				GCC_WARN_64_TO_32_BIT_CONVERSION = YES;
				GCC_WARN_ABOUT_RETURN_TYPE = YES_ERROR;
				GCC_WARN_UNDECLARED_SELECTOR = YES;
				GCC_WARN_UNINITIALIZED_AUTOS = YES_AGGRESSIVE;
				GCC_WARN_UNUSED_FUNCTION = YES;
				GCC_WARN_UNUSED_VARIABLE = YES;
				IPHONEOS_DEPLOYMENT_TARGET = 8.3;
				MTL_ENABLE_DEBUG_INFO = NO;
				SDKROOT = iphoneos;
				TARGETED_DEVICE_FAMILY = "1,2";
				VALIDATE_PRODUCT = YES;
			};
			name = Release;
		};
		D297648A1B042A0200DE9E61 /* Debug */ = {
			isa = XCBuildConfiguration;
			buildSettings = {
				ASSETCATALOG_COMPILER_APPICON_NAME = AppIcon;
				INFOPLIST_FILE = CocoatainerExample/Info.plist;
				LD_RUNPATH_SEARCH_PATHS = "$(inherited) @executable_path/Frameworks";
				PRODUCT_NAME = "$(TARGET_NAME)";
			};
			name = Debug;
		};
		D297648B1B042A0200DE9E61 /* Release */ = {
			isa = XCBuildConfiguration;
			buildSettings = {
				ASSETCATALOG_COMPILER_APPICON_NAME = AppIcon;
				INFOPLIST_FILE = CocoatainerExample/Info.plist;
				LD_RUNPATH_SEARCH_PATHS = "$(inherited) @executable_path/Frameworks";
				PRODUCT_NAME = "$(TARGET_NAME)";
			};
			name = Release;
		};
		D297648D1B042A0200DE9E61 /* Debug */ = {
			isa = XCBuildConfiguration;
			buildSettings = {
				BUNDLE_LOADER = "$(TEST_HOST)";
				FRAMEWORK_SEARCH_PATHS = (
					"$(SDKROOT)/Developer/Library/Frameworks",
					"$(inherited)",
				);
				GCC_PREPROCESSOR_DEFINITIONS = (
					"DEBUG=1",
					"$(inherited)",
				);
				INFOPLIST_FILE = CocoatainerExampleTests/Info.plist;
				LD_RUNPATH_SEARCH_PATHS = "$(inherited) @executable_path/Frameworks @loader_path/Frameworks";
				PRODUCT_NAME = "$(TARGET_NAME)";
				TEST_HOST = "$(BUILT_PRODUCTS_DIR)/CocoatainerExample.app/CocoatainerExample";
			};
			name = Debug;
		};
		D297648E1B042A0200DE9E61 /* Release */ = {
			isa = XCBuildConfiguration;
			buildSettings = {
				BUNDLE_LOADER = "$(TEST_HOST)";
				FRAMEWORK_SEARCH_PATHS = (
					"$(SDKROOT)/Developer/Library/Frameworks",
					"$(inherited)",
				);
				INFOPLIST_FILE = CocoatainerExampleTests/Info.plist;
				LD_RUNPATH_SEARCH_PATHS = "$(inherited) @executable_path/Frameworks @loader_path/Frameworks";
				PRODUCT_NAME = "$(TARGET_NAME)";
				TEST_HOST = "$(BUILT_PRODUCTS_DIR)/CocoatainerExample.app/CocoatainerExample";
			};
			name = Release;
		};
/* End XCBuildConfiguration section */

/* Begin XCConfigurationList section */
		D29764611B042A0200DE9E61 /* Build configuration list for PBXProject "CocoatainerExample" */ = {
			isa = XCConfigurationList;
			buildConfigurations = (
				D29764871B042A0200DE9E61 /* Debug */,
				D29764881B042A0200DE9E61 /* Release */,
			);
			defaultConfigurationIsVisible = 0;
			defaultConfigurationName = Release;
		};
		D29764891B042A0200DE9E61 /* Build configuration list for PBXNativeTarget "CocoatainerExample" */ = {
			isa = XCConfigurationList;
			buildConfigurations = (
				D297648A1B042A0200DE9E61 /* Debug */,
				D297648B1B042A0200DE9E61 /* Release */,
			);
			defaultConfigurationIsVisible = 0;
		};
		D297648C1B042A0200DE9E61 /* Build configuration list for PBXNativeTarget "CocoatainerExampleTests" */ = {
			isa = XCConfigurationList;
			buildConfigurations = (
				D297648D1B042A0200DE9E61 /* Debug */,
				D297648E1B042A0200DE9E61 /* Release */,
			);
			defaultConfigurationIsVisible = 0;
		};
/* End XCConfigurationList section */
	};
	rootObject = D297645E1B042A0200DE9E61 /* Project object */;
}
